# This file is autogenerated, do not edit; changes may be undone by the next 'dep ensure'.


[[projects]]
  name = "github.com/AndrewSamokhvalov/go-spew"
  packages = ["spew"]
  revision = "346938d642f2ec3594ed81d874461961cd0faa76"
  version = "v1.1.0"

[[projects]]
  branch = "master"
  name = "github.com/bitlum/backend"
  packages = [
    "wrapper/auth",
    "wrapper/auth/application"
  ]
  revision = "2218d23b4aee0683dbc443f75c5fb597a74a39e8"

[[projects]]
  name = "github.com/go-errors/errors"
  packages = ["."]
  revision = "3afebba5a48dbc89b574d890b6b34d9ee10b4785"
  version = "v1.0.0"

[[projects]]
  branch = "master"
  name = "golang.org/x/crypto"
  packages = [
    "nacl/secretbox",
    "poly1305",
    "salsa20/salsa"
  ]
  revision = "c4a91bd4f524f10d064139674cf55852e055ad01"

[[projects]]
  branch = "master"
  name = "golang.org/x/net"
  packages = ["context"]
  revision = "892bf7b0c6e2f93b51166bf3882e50277fa5afc6"

[[projects]]
  branch = "v1"
  name = "gopkg.in/errgo.v1"
  packages = ["."]
  revision = "442357a80af5c6bf9b6d51ae791a39c3421004f3"

[[projects]]
  name = "gopkg.in/macaroon-bakery.v2"
  packages = ["bakery/checkers"]
  revision = "94012773d2874a067572bd16d7d11ae02968b47b"
  version = "v2.0.1"

[[projects]]
  branch = "v1"
  name = "gopkg.in/macaroon.v1"
  packages = ["."]
  revision = "ab101776739ee61baab9bc50e4b33b5aeb3ac843"

[[projects]]
  name = "gopkg.in/macaroon.v2"
  packages = ["."]
  revision = "bed2a428da6e56d950bed5b41fcbae3141e5b0d0"
  version = "v2.0.0"

[solve-meta]
  analyzer-name = "dep"
  analyzer-version = 1
  inputs-digest = "9ad4c5321bc6cdf6e1964fda61439b293bbfe5c984f45d44893e8d7e64eb411a"
  solver-name = "gps-cdcl"
  solver-version = 1
